// !$*UTF8*$!
{
	archiveVersion = 1;
	classes = {
	};
	objectVersion = 55;
	objects = {

/* Begin PBXBuildFile section */
		FC0C2E0127C4EA700070E3B5 /* PostViewController.swift in Sources */ = {isa = PBXBuildFile; fileRef = FC0C2E0027C4EA700070E3B5 /* PostViewController.swift */; };
		FC0C2E0527C50BFB0070E3B5 /* InfoViewController.swift in Sources */ = {isa = PBXBuildFile; fileRef = FC0C2E0427C50BFB0070E3B5 /* InfoViewController.swift */; };
		FC22EE5227C4E16500E69314 /* FeedViewController.swift in Sources */ = {isa = PBXBuildFile; fileRef = FC22EE5127C4E16500E69314 /* FeedViewController.swift */; };
		FC22EE5427C4E17300E69314 /* ProfileViewController.swift in Sources */ = {isa = PBXBuildFile; fileRef = FC22EE5327C4E17300E69314 /* ProfileViewController.swift */; };
		FC41E20B27C4104A00F0DEEB /* TabBar.swift in Sources */ = {isa = PBXBuildFile; fileRef = FC41E20A27C4104A00F0DEEB /* TabBar.swift */; };
		FC4C1AE6283A3D9A00F115F9 /* PhotosTableViewCell.swift in Sources */ = {isa = PBXBuildFile; fileRef = FC4C1AE5283A3D9A00F115F9 /* PhotosTableViewCell.swift */; };
		FC4C1AE8283A432000F115F9 /* Photos.swift in Sources */ = {isa = PBXBuildFile; fileRef = FC4C1AE7283A432000F115F9 /* Photos.swift */; };
		FC4C1AEB283A775000F115F9 /* PhotosViewController.swift in Sources */ = {isa = PBXBuildFile; fileRef = FC4C1AEA283A775000F115F9 /* PhotosViewController.swift */; };
		FC4C1AED283C131500F115F9 /* PhotoCollectionViewCell.swift in Sources */ = {isa = PBXBuildFile; fileRef = FC4C1AEC283C131500F115F9 /* PhotoCollectionViewCell.swift */; };
		FC4FD39C28350F570008892C /* FeedPosts.swift in Sources */ = {isa = PBXBuildFile; fileRef = FC4FD39B28350F570008892C /* FeedPosts.swift */; };
		FC4FD3A62837CC990008892C /* PostTableViewCell.swift in Sources */ = {isa = PBXBuildFile; fileRef = FC4FD3A52837CC990008892C /* PostTableViewCell.swift */; };
		FC4FD3AA28385AFA0008892C /* PostStruct.swift in Sources */ = {isa = PBXBuildFile; fileRef = FC4FD3A928385AFA0008892C /* PostStruct.swift */; };
		FC5A941D27B5A15A001FEA76 /* AppDelegate.swift in Sources */ = {isa = PBXBuildFile; fileRef = FC5A941C27B5A15A001FEA76 /* AppDelegate.swift */; };
		FC5A941F27B5A15A001FEA76 /* SceneDelegate.swift in Sources */ = {isa = PBXBuildFile; fileRef = FC5A941E27B5A15A001FEA76 /* SceneDelegate.swift */; };
		FC5A942627B5A15B001FEA76 /* Assets.xcassets in Resources */ = {isa = PBXBuildFile; fileRef = FC5A942527B5A15B001FEA76 /* Assets.xcassets */; };
		FCA0EA5627D8BB3A00F91475 /* ProfileHeaderView.swift in Sources */ = {isa = PBXBuildFile; fileRef = FCA0EA5527D8BB3A00F91475 /* ProfileHeaderView.swift */; };
		FCF58023283268E80086C223 /* LogInViewController.swift in Sources */ = {isa = PBXBuildFile; fileRef = FCF58022283268E80086C223 /* LogInViewController.swift */; };
/* End PBXBuildFile section */

/* Begin PBXFileReference section */
		FC0C2E0027C4EA700070E3B5 /* PostViewController.swift */ = {isa = PBXFileReference; lastKnownFileType = sourcecode.swift; path = PostViewController.swift; sourceTree = "<group>"; };
		FC0C2E0427C50BFB0070E3B5 /* InfoViewController.swift */ = {isa = PBXFileReference; lastKnownFileType = sourcecode.swift; path = InfoViewController.swift; sourceTree = "<group>"; };
		FC22EE5127C4E16500E69314 /* FeedViewController.swift */ = {isa = PBXFileReference; lastKnownFileType = sourcecode.swift; path = FeedViewController.swift; sourceTree = "<group>"; };
		FC22EE5327C4E17300E69314 /* ProfileViewController.swift */ = {isa = PBXFileReference; lastKnownFileType = sourcecode.swift; path = ProfileViewController.swift; sourceTree = "<group>"; };
		FC41E20A27C4104A00F0DEEB /* TabBar.swift */ = {isa = PBXFileReference; lastKnownFileType = sourcecode.swift; path = TabBar.swift; sourceTree = "<group>"; };
		FC4C1AE5283A3D9A00F115F9 /* PhotosTableViewCell.swift */ = {isa = PBXFileReference; lastKnownFileType = sourcecode.swift; path = PhotosTableViewCell.swift; sourceTree = "<group>"; };
		FC4C1AE7283A432000F115F9 /* Photos.swift */ = {isa = PBXFileReference; lastKnownFileType = sourcecode.swift; path = Photos.swift; sourceTree = "<group>"; };
		FC4C1AEA283A775000F115F9 /* PhotosViewController.swift */ = {isa = PBXFileReference; lastKnownFileType = sourcecode.swift; path = PhotosViewController.swift; sourceTree = "<group>"; };
		FC4C1AEC283C131500F115F9 /* PhotoCollectionViewCell.swift */ = {isa = PBXFileReference; lastKnownFileType = sourcecode.swift; path = PhotoCollectionViewCell.swift; sourceTree = "<group>"; };
		FC4FD39B28350F570008892C /* FeedPosts.swift */ = {isa = PBXFileReference; lastKnownFileType = sourcecode.swift; path = FeedPosts.swift; sourceTree = "<group>"; };
		FC4FD3A52837CC990008892C /* PostTableViewCell.swift */ = {isa = PBXFileReference; lastKnownFileType = sourcecode.swift; path = PostTableViewCell.swift; sourceTree = "<group>"; };
		FC4FD3A928385AFA0008892C /* PostStruct.swift */ = {isa = PBXFileReference; lastKnownFileType = sourcecode.swift; path = PostStruct.swift; sourceTree = "<group>"; };
		FC5A941927B5A15A001FEA76 /* Navigation.app */ = {isa = PBXFileReference; explicitFileType = wrapper.application; includeInIndex = 0; path = Navigation.app; sourceTree = BUILT_PRODUCTS_DIR; };
		FC5A941C27B5A15A001FEA76 /* AppDelegate.swift */ = {isa = PBXFileReference; lastKnownFileType = sourcecode.swift; path = AppDelegate.swift; sourceTree = "<group>"; };
		FC5A941E27B5A15A001FEA76 /* SceneDelegate.swift */ = {isa = PBXFileReference; lastKnownFileType = sourcecode.swift; path = SceneDelegate.swift; sourceTree = "<group>"; };
		FC5A942527B5A15B001FEA76 /* Assets.xcassets */ = {isa = PBXFileReference; lastKnownFileType = folder.assetcatalog; path = Assets.xcassets; sourceTree = "<group>"; };
		FC5A942A27B5A15B001FEA76 /* Info.plist */ = {isa = PBXFileReference; lastKnownFileType = text.plist.xml; path = Info.plist; sourceTree = "<group>"; };
		FCA0EA5527D8BB3A00F91475 /* ProfileHeaderView.swift */ = {isa = PBXFileReference; lastKnownFileType = sourcecode.swift; path = ProfileHeaderView.swift; sourceTree = "<group>"; };
		FCF58022283268E80086C223 /* LogInViewController.swift */ = {isa = PBXFileReference; lastKnownFileType = sourcecode.swift; path = LogInViewController.swift; sourceTree = "<group>"; };
/* End PBXFileReference section */

/* Begin PBXFrameworksBuildPhase section */
		FC5A941627B5A15A001FEA76 /* Frameworks */ = {
			isa = PBXFrameworksBuildPhase;
			buildActionMask = 2147483647;
			files = (
			);
			runOnlyForDeploymentPostprocessing = 0;
		};
/* End PBXFrameworksBuildPhase section */

/* Begin PBXGroup section */
		FC4C1AE9283A432F00F115F9 /* Photo */ = {
			isa = PBXGroup;
			children = (
				FC4C1AEA283A775000F115F9 /* PhotosViewController.swift */,
				FC4C1AE5283A3D9A00F115F9 /* PhotosTableViewCell.swift */,
				FC4C1AE7283A432000F115F9 /* Photos.swift */,
				FC4C1AEC283C131500F115F9 /* PhotoCollectionViewCell.swift */,
			);
			path = Photo;
			sourceTree = "<group>";
		};
		FC5A941027B5A15A001FEA76 = {
			isa = PBXGroup;
			children = (
				FC5A941B27B5A15A001FEA76 /* Navigation */,
				FC5A941A27B5A15A001FEA76 /* Products */,
			);
			sourceTree = "<group>";
		};
		FC5A941A27B5A15A001FEA76 /* Products */ = {
			isa = PBXGroup;
			children = (
				FC5A941927B5A15A001FEA76 /* Navigation.app */,
			);
			name = Products;
			sourceTree = "<group>";
		};
		FC5A941B27B5A15A001FEA76 /* Navigation */ = {
			isa = PBXGroup;
			children = (
				FC5A941C27B5A15A001FEA76 /* AppDelegate.swift */,
				FC5A941E27B5A15A001FEA76 /* SceneDelegate.swift */,
				FC41E20A27C4104A00F0DEEB /* TabBar.swift */,
				FC5A942527B5A15B001FEA76 /* Assets.xcassets */,
				FC5A942A27B5A15B001FEA76 /* Info.plist */,
				FC22EE5127C4E16500E69314 /* FeedViewController.swift */,
				FC4FD3A928385AFA0008892C /* PostStruct.swift */,
				FC0C2E0027C4EA700070E3B5 /* PostViewController.swift */,
				FC0C2E0427C50BFB0070E3B5 /* InfoViewController.swift */,
				FCA0EA5427D8BB1B00F91475 /* Profile */,
			);
			path = Navigation;
			sourceTree = "<group>";
		};
		FCA0EA5427D8BB1B00F91475 /* Profile */ = {
			isa = PBXGroup;
			children = (
				FC22EE5327C4E17300E69314 /* ProfileViewController.swift */,
				FCA0EA5527D8BB3A00F91475 /* ProfileHeaderView.swift */,
				FCF58022283268E80086C223 /* LogInViewController.swift */,
				FC4FD39B28350F570008892C /* FeedPosts.swift */,
				FC4FD3A52837CC990008892C /* PostTableViewCell.swift */,
				FC4C1AE9283A432F00F115F9 /* Photo */,
			);
			path = Profile;
			sourceTree = "<group>";
		};
/* End PBXGroup section */

/* Begin PBXNativeTarget section */
		FC5A941827B5A15A001FEA76 /* Navigation */ = {
			isa = PBXNativeTarget;
			buildConfigurationList = FC5A942D27B5A15B001FEA76 /* Build configuration list for PBXNativeTarget "Navigation" */;
			buildPhases = (
				FC5A941527B5A15A001FEA76 /* Sources */,
				FC5A941627B5A15A001FEA76 /* Frameworks */,
				FC5A941727B5A15A001FEA76 /* Resources */,
			);
			buildRules = (
			);
			dependencies = (
			);
			name = Navigation;
			productName = Navigation;
			productReference = FC5A941927B5A15A001FEA76 /* Navigation.app */;
			productType = "com.apple.product-type.application";
		};
/* End PBXNativeTarget section */

/* Begin PBXProject section */
		FC5A941127B5A15A001FEA76 /* Project object */ = {
			isa = PBXProject;
			attributes = {
				BuildIndependentTargetsInParallel = 1;
				LastSwiftUpdateCheck = 1320;
				LastUpgradeCheck = 1320;
				TargetAttributes = {
					FC5A941827B5A15A001FEA76 = {
						CreatedOnToolsVersion = 13.2.1;
					};
				};
			};
			buildConfigurationList = FC5A941427B5A15A001FEA76 /* Build configuration list for PBXProject "Navigation" */;
			compatibilityVersion = "Xcode 13.0";
			developmentRegion = en;
			hasScannedForEncodings = 0;
			knownRegions = (
				en,
				Base,
			);
			mainGroup = FC5A941027B5A15A001FEA76;
			productRefGroup = FC5A941A27B5A15A001FEA76 /* Products */;
			projectDirPath = "";
			projectRoot = "";
			targets = (
				FC5A941827B5A15A001FEA76 /* Navigation */,
			);
		};
/* End PBXProject section */

/* Begin PBXResourcesBuildPhase section */
		FC5A941727B5A15A001FEA76 /* Resources */ = {
			isa = PBXResourcesBuildPhase;
			buildActionMask = 2147483647;
			files = (
				FC5A942627B5A15B001FEA76 /* Assets.xcassets in Resources */,
			);
			runOnlyForDeploymentPostprocessing = 0;
		};
/* End PBXResourcesBuildPhase section */

/* Begin PBXSourcesBuildPhase section */
		FC5A941527B5A15A001FEA76 /* Sources */ = {
			isa = PBXSourcesBuildPhase;
			buildActionMask = 2147483647;
			files = (
				FC4C1AE8283A432000F115F9 /* Photos.swift in Sources */,
				FC4FD3A62837CC990008892C /* PostTableViewCell.swift in Sources */,
				FC22EE5427C4E17300E69314 /* ProfileViewController.swift in Sources */,
				FC0C2E0127C4EA700070E3B5 /* PostViewController.swift in Sources */,
				FCF58023283268E80086C223 /* LogInViewController.swift in Sources */,
				FC5A941D27B5A15A001FEA76 /* AppDelegate.swift in Sources */,
				FCA0EA5627D8BB3A00F91475 /* ProfileHeaderView.swift in Sources */,
				FC4FD3AA28385AFA0008892C /* PostStruct.swift in Sources */,
				FC22EE5227C4E16500E69314 /* FeedViewController.swift in Sources */,
				FC4C1AED283C131500F115F9 /* PhotoCollectionViewCell.swift in Sources */,
				FC4C1AEB283A775000F115F9 /* PhotosViewController.swift in Sources */,
				FC5A941F27B5A15A001FEA76 /* SceneDelegate.swift in Sources */,
				FC4C1AE6283A3D9A00F115F9 /* PhotosTableViewCell.swift in Sources */,
				FC4FD39C28350F570008892C /* FeedPosts.swift in Sources */,
				FC0C2E0527C50BFB0070E3B5 /* InfoViewController.swift in Sources */,
				FC41E20B27C4104A00F0DEEB /* TabBar.swift in Sources */,
			);
			runOnlyForDeploymentPostprocessing = 0;
		};
/* End PBXSourcesBuildPhase section */

/* Begin XCBuildConfiguration section */
		FC5A942B27B5A15B001FEA76 /* Debug */ = {
			isa = XCBuildConfiguration;
			buildSettings = {
				ALWAYS_SEARCH_USER_PATHS = NO;
				CLANG_ANALYZER_NONNULL = YES;
				CLANG_ANALYZER_NUMBER_OBJECT_CONVERSION = YES_AGGRESSIVE;
				CLANG_CXX_LANGUAGE_STANDARD = "gnu++17";
				CLANG_CXX_LIBRARY = "libc++";
				CLANG_ENABLE_MODULES = YES;
				CLANG_ENABLE_OBJC_ARC = YES;
				CLANG_ENABLE_OBJC_WEAK = YES;
				CLANG_WARN_BLOCK_CAPTURE_AUTORELEASING = YES;
				CLANG_WARN_BOOL_CONVERSION = YES;
				CLANG_WARN_COMMA = YES;
				CLANG_WARN_CONSTANT_CONVERSION = YES;
				CLANG_WARN_DEPRECATED_OBJC_IMPLEMENTATIONS = YES;
				CLANG_WARN_DIRECT_OBJC_ISA_USAGE = YES_ERROR;
				CLANG_WARN_DOCUMENTATION_COMMENTS = YES;
				CLANG_WARN_EMPTY_BODY = YES;
				CLANG_WARN_ENUM_CONVERSION = YES;
				CLANG_WARN_INFINITE_RECURSION = YES;
				CLANG_WARN_INT_CONVERSION = YES;
				CLANG_WARN_NON_LITERAL_NULL_CONVERSION = YES;
				CLANG_WARN_OBJC_IMPLICIT_RETAIN_SELF = YES;
				CLANG_WARN_OBJC_LITERAL_CONVERSION = YES;
				CLANG_WARN_OBJC_ROOT_CLASS = YES_ERROR;
				CLANG_WARN_QUOTED_INCLUDE_IN_FRAMEWORK_HEADER = YES;
				CLANG_WARN_RANGE_LOOP_ANALYSIS = YES;
				CLANG_WARN_STRICT_PROTOTYPES = YES;
				CLANG_WARN_SUSPICIOUS_MOVE = YES;
				CLANG_WARN_UNGUARDED_AVAILABILITY = YES_AGGRESSIVE;
				CLANG_WARN_UNREACHABLE_CODE = YES;
				CLANG_WARN__DUPLICATE_METHOD_MATCH = YES;
				COPY_PHASE_STRIP = NO;
				DEBUG_INFORMATION_FORMAT = dwarf;
				ENABLE_STRICT_OBJC_MSGSEND = YES;
				ENABLE_TESTABILITY = YES;
				GCC_C_LANGUAGE_STANDARD = gnu11;
				GCC_DYNAMIC_NO_PIC = NO;
				GCC_NO_COMMON_BLOCKS = YES;
				GCC_OPTIMIZATION_LEVEL = 0;
				GCC_PREPROCESSOR_DEFINITIONS = (
					"DEBUG=1",
					"$(inherited)",
				);
				GCC_WARN_64_TO_32_BIT_CONVERSION = YES;
				GCC_WARN_ABOUT_RETURN_TYPE = YES_ERROR;
				GCC_WARN_UNDECLARED_SELECTOR = YES;
				GCC_WARN_UNINITIALIZED_AUTOS = YES_AGGRESSIVE;
				GCC_WARN_UNUSED_FUNCTION = YES;
				GCC_WARN_UNUSED_VARIABLE = YES;
				IPHONEOS_DEPLOYMENT_TARGET = 15.2;
				MTL_ENABLE_DEBUG_INFO = INCLUDE_SOURCE;
				MTL_FAST_MATH = YES;
				ONLY_ACTIVE_ARCH = YES;
				SDKROOT = iphoneos;
				SWIFT_ACTIVE_COMPILATION_CONDITIONS = DEBUG;
				SWIFT_OPTIMIZATION_LEVEL = "-Onone";
			};
			name = Debug;
		};
		FC5A942C27B5A15B001FEA76 /* Release */ = {
			isa = XCBuildConfiguration;
			buildSettings = {
				ALWAYS_SEARCH_USER_PATHS = NO;
				CLANG_ANALYZER_NONNULL = YES;
				CLANG_ANALYZER_NUMBER_OBJECT_CONVERSION = YES_AGGRESSIVE;
				CLANG_CXX_LANGUAGE_STANDARD = "gnu++17";
				CLANG_CXX_LIBRARY = "libc++";
				CLANG_ENABLE_MODULES = YES;
				CLANG_ENABLE_OBJC_ARC = YES;
				CLANG_ENABLE_OBJC_WEAK = YES;
				CLANG_WARN_BLOCK_CAPTURE_AUTORELEASING = YES;
				CLANG_WARN_BOOL_CONVERSION = YES;
				CLANG_WARN_COMMA = YES;
				CLANG_WARN_CONSTANT_CONVERSION = YES;
				CLANG_WARN_DEPRECATED_OBJC_IMPLEMENTATIONS = YES;
				CLANG_WARN_DIRECT_OBJC_ISA_USAGE = YES_ERROR;
				CLANG_WARN_DOCUMENTATION_COMMENTS = YES;
				CLANG_WARN_EMPTY_BODY = YES;
				CLANG_WARN_ENUM_CONVERSION = YES;
				CLANG_WARN_INFINITE_RECURSION = YES;
				CLANG_WARN_INT_CONVERSION = YES;
				CLANG_WARN_NON_LITERAL_NULL_CONVERSION = YES;
				CLANG_WARN_OBJC_IMPLICIT_RETAIN_SELF = YES;
				CLANG_WARN_OBJC_LITERAL_CONVERSION = YES;
				CLANG_WARN_OBJC_ROOT_CLASS = YES_ERROR;
				CLANG_WARN_QUOTED_INCLUDE_IN_FRAMEWORK_HEADER = YES;
				CLANG_WARN_RANGE_LOOP_ANALYSIS = YES;
				CLANG_WARN_STRICT_PROTOTYPES = YES;
				CLANG_WARN_SUSPICIOUS_MOVE = YES;
				CLANG_WARN_UNGUARDED_AVAILABILITY = YES_AGGRESSIVE;
				CLANG_WARN_UNREACHABLE_CODE = YES;
				CLANG_WARN__DUPLICATE_METHOD_MATCH = YES;
				COPY_PHASE_STRIP = NO;
				DEBUG_INFORMATION_FORMAT = "dwarf-with-dsym";
				ENABLE_NS_ASSERTIONS = NO;
				ENABLE_STRICT_OBJC_MSGSEND = YES;
				GCC_C_LANGUAGE_STANDARD = gnu11;
				GCC_NO_COMMON_BLOCKS = YES;
				GCC_WARN_64_TO_32_BIT_CONVERSION = YES;
				GCC_WARN_ABOUT_RETURN_TYPE = YES_ERROR;
				GCC_WARN_UNDECLARED_SELECTOR = YES;
				GCC_WARN_UNINITIALIZED_AUTOS = YES_AGGRESSIVE;
				GCC_WARN_UNUSED_FUNCTION = YES;
				GCC_WARN_UNUSED_VARIABLE = YES;
				IPHONEOS_DEPLOYMENT_TARGET = 15.2;
				MTL_ENABLE_DEBUG_INFO = NO;
				MTL_FAST_MATH = YES;
				SDKROOT = iphoneos;
				SWIFT_COMPILATION_MODE = wholemodule;
				SWIFT_OPTIMIZATION_LEVEL = "-O";
				VALIDATE_PRODUCT = YES;
			};
			name = Release;
		};
		FC5A942E27B5A15B001FEA76 /* Debug */ = {
			isa = XCBuildConfiguration;
			buildSettings = {
				ASSETCATALOG_COMPILER_APPICON_NAME = AppIcon;
				ASSETCATALOG_COMPILER_GLOBAL_ACCENT_COLOR_NAME = AccentColor;
				CODE_SIGN_STYLE = Automatic;
				CURRENT_PROJECT_VERSION = 1;
				DEVELOPMENT_TEAM = 25QUBCCV7J;
				GENERATE_INFOPLIST_FILE = YES;
				INFOPLIST_FILE = Navigation/Info.plist;
				INFOPLIST_KEY_UIApplicationSupportsIndirectInputEvents = YES;
				INFOPLIST_KEY_UILaunchStoryboardName = LaunchScreen;
				INFOPLIST_KEY_UISupportedInterfaceOrientations_iPad = "UIInterfaceOrientationPortrait UIInterfaceOrientationPortraitUpsideDown UIInterfaceOrientationLandscapeLeft UIInterfaceOrientationLandscapeRight";
				INFOPLIST_KEY_UISupportedInterfaceOrientations_iPhone = "UIInterfaceOrientationPortrait UIInterfaceOrientationLandscapeLeft UIInterfaceOrientationLandscapeRight";
				LD_RUNPATH_SEARCH_PATHS = (
					"$(inherited)",
					"@executable_path/Frameworks",
				);
				MARKETING_VERSION = 1.0;
				PRODUCT_BUNDLE_IDENTIFIER = klevun.Navigation;
				PRODUCT_NAME = "$(TARGET_NAME)";
				SWIFT_EMIT_LOC_STRINGS = YES;
				SWIFT_VERSION = 5.0;
				TARGETED_DEVICE_FAMILY = 1;
			};
			name = Debug;
		};
		FC5A942F27B5A15B001FEA76 /* Release */ = {
			isa = XCBuildConfiguration;
			buildSettings = {
				ASSETCATALOG_COMPILER_APPICON_NAME = AppIcon;
				ASSETCATALOG_COMPILER_GLOBAL_ACCENT_COLOR_NAME = AccentColor;
				CODE_SIGN_STYLE = Automatic;
				CURRENT_PROJECT_VERSION = 1;
				DEVELOPMENT_TEAM = 25QUBCCV7J;
				GENERATE_INFOPLIST_FILE = YES;
				INFOPLIST_FILE = Navigation/Info.plist;
				INFOPLIST_KEY_UIApplicationSupportsIndirectInputEvents = YES;
				INFOPLIST_KEY_UILaunchStoryboardName = LaunchScreen;
				INFOPLIST_KEY_UISupportedInterfaceOrientations_iPad = "UIInterfaceOrientationPortrait UIInterfaceOrientationPortraitUpsideDown UIInterfaceOrientationLandscapeLeft UIInterfaceOrientationLandscapeRight";
				INFOPLIST_KEY_UISupportedInterfaceOrientations_iPhone = "UIInterfaceOrientationPortrait UIInterfaceOrientationLandscapeLeft UIInterfaceOrientationLandscapeRight";
				LD_RUNPATH_SEARCH_PATHS = (
					"$(inherited)",
					"@executable_path/Frameworks",
				);
				MARKETING_VERSION = 1.0;
				PRODUCT_BUNDLE_IDENTIFIER = klevun.Navigation;
				PRODUCT_NAME = "$(TARGET_NAME)";
				SWIFT_EMIT_LOC_STRINGS = YES;
				SWIFT_VERSION = 5.0;
				TARGETED_DEVICE_FAMILY = 1;
			};
			name = Release;
		};
/* End XCBuildConfiguration section */

/* Begin XCConfigurationList section */
		FC5A941427B5A15A001FEA76 /* Build configuration list for PBXProject "Navigation" */ = {
			isa = XCConfigurationList;
			buildConfigurations = (
				FC5A942B27B5A15B001FEA76 /* Debug */,
				FC5A942C27B5A15B001FEA76 /* Release */,
			);
			defaultConfigurationIsVisible = 0;
			defaultConfigurationName = Release;
		};
		FC5A942D27B5A15B001FEA76 /* Build configuration list for PBXNativeTarget "Navigation" */ = {
			isa = XCConfigurationList;
			buildConfigurations = (
				FC5A942E27B5A15B001FEA76 /* Debug */,
				FC5A942F27B5A15B001FEA76 /* Release */,
			);
			defaultConfigurationIsVisible = 0;
			defaultConfigurationName = Release;
		};
/* End XCConfigurationList section */
	};
	rootObject = FC5A941127B5A15A001FEA76 /* Project object */;
}
